
Microsoft Visual Studio Solution File, Format Version 12.00
# Visual Studio Version 17
VisualStudioVersion = 17.0.31903.59
MinimumVisualStudioVersion = 10.0.40219.1
Project("{FAE04EC0-301F-11D3-BF4B-00C04F79EFBC}") = "HomeWork_5", "HomeWork_5.csproj", "{FED9C51F-BBFA-4F4D-B4B6-1C447A83F80E}"
EndProject
Global
	GlobalSection(SolutionConfigurationPlatforms) = preSolution
		Debug|Any CPU = Debug|Any CPU
		Release|Any CPU = Release|Any CPU
	EndGlobalSection
	GlobalSection(ProjectConfigurationPlatforms) = postSolution
		{FED9C51F-BBFA-4F4D-B4B6-1C447A83F80E}.Debug|Any CPU.ActiveCfg = Debug|Any CPU
		{FED9C51F-BBFA-4F4D-B4B6-1C447A83F80E}.Debug|Any CPU.Build.0 = Debug|Any CPU
		{FED9C51F-BBFA-4F4D-B4B6-1C447A83F80E}.Release|Any CPU.ActiveCfg = Release|Any CPU
		{FED9C51F-BBFA-4F4D-B4B6-1C447A83F80E}.Release|Any CPU.Build.0 = Release|Any CPU
	EndGlobalSection
	GlobalSection(SolutionProperties) = preSolution
		HideSolutionNode = FALSE
	EndGlobalSection
	GlobalSection(ExtensibilityGlobals) = postSolution
		SolutionGuid = {A3157B45-C913-417F-8C57-4749ABED8A02}
	EndGlobalSection
EndGlobal
